
Microsoft Visual Studio Solution File, Format Version 12.00
# Visual Studio 15
VisualStudioVersion = 15.0.26430.12
MinimumVisualStudioVersion = 10.0.40219.1
Project("{9A19103F-16F7-4668-BE54-9A1E7A4F7556}") = "Atl.Repository.Standard", "Atl.Repository.Standard\Atl.Repository.Standard.csproj", "{6C1CD28A-8797-41F8-B1B3-A90EF01FDBBA}"
EndProject
Project("{9A19103F-16F7-4668-BE54-9A1E7A4F7556}") = "Atl.Repository.Standard.Tests", "Atl.Repository.Standard.Tests\Atl.Repository.Standard.Tests.csproj", "{E28E6977-8A1D-4000-B2D4-B69934A30A98}"
EndProject
Global
	GlobalSection(SolutionConfigurationPlatforms) = preSolution
		Debug|Any CPU = Debug|Any CPU
		Release|Any CPU = Release|Any CPU
	EndGlobalSection
	GlobalSection(ProjectConfigurationPlatforms) = postSolution
		{6C1CD28A-8797-41F8-B1B3-A90EF01FDBBA}.Debug|Any CPU.ActiveCfg = Debug|Any CPU
		{6C1CD28A-8797-41F8-B1B3-A90EF01FDBBA}.Debug|Any CPU.Build.0 = Debug|Any CPU
		{6C1CD28A-8797-41F8-B1B3-A90EF01FDBBA}.Release|Any CPU.ActiveCfg = Release|Any CPU
		{6C1CD28A-8797-41F8-B1B3-A90EF01FDBBA}.Release|Any CPU.Build.0 = Release|Any CPU
		{E28E6977-8A1D-4000-B2D4-B69934A30A98}.Debug|Any CPU.ActiveCfg = Debug|Any CPU
		{E28E6977-8A1D-4000-B2D4-B69934A30A98}.Debug|Any CPU.Build.0 = Debug|Any CPU
		{E28E6977-8A1D-4000-B2D4-B69934A30A98}.Release|Any CPU.ActiveCfg = Release|Any CPU
		{E28E6977-8A1D-4000-B2D4-B69934A30A98}.Release|Any CPU.Build.0 = Release|Any CPU
	EndGlobalSection
	GlobalSection(SolutionProperties) = preSolution
		HideSolutionNode = FALSE
	EndGlobalSection
	GlobalSection(ExtensibilityGlobals) = postSolution
		SolutionGuid = {BF3E3700-A1DB-4637-9E27-E94206E8D7B6}
	EndGlobalSection
EndGlobal
